// !$*UTF8*$!
{
	archiveVersion = 1;
	classes = {
	};
	objectVersion = 50;
	objects = {

/* Begin PBXBuildFile section */
		045D450517F2C0801F88D248 /* Pods_oonishiReonKadai6.framework in Frameworks */ = {isa = PBXBuildFile; fileRef = 7068BC399EC51155AA2F6F58 /* Pods_oonishiReonKadai6.framework */; };
		AB5779EA26514229005BECB9 /* AppDelegate.swift in Sources */ = {isa = PBXBuildFile; fileRef = AB5779E926514229005BECB9 /* AppDelegate.swift */; };
		AB5779EC26514229005BECB9 /* SceneDelegate.swift in Sources */ = {isa = PBXBuildFile; fileRef = AB5779EB26514229005BECB9 /* SceneDelegate.swift */; };
		AB5779EE26514229005BECB9 /* ViewController.swift in Sources */ = {isa = PBXBuildFile; fileRef = AB5779ED26514229005BECB9 /* ViewController.swift */; };
		AB5779F126514229005BECB9 /* Main.storyboard in Resources */ = {isa = PBXBuildFile; fileRef = AB5779EF26514229005BECB9 /* Main.storyboard */; };
		AB5779F32651422E005BECB9 /* Assets.xcassets in Resources */ = {isa = PBXBuildFile; fileRef = AB5779F22651422E005BECB9 /* Assets.xcassets */; };
		AB5779F62651422E005BECB9 /* LaunchScreen.storyboard in Resources */ = {isa = PBXBuildFile; fileRef = AB5779F42651422E005BECB9 /* LaunchScreen.storyboard */; };
/* End PBXBuildFile section */

/* Begin PBXFileReference section */
		6C604788B20CB2BA7514D69C /* Pods-oonishiReonKadai6.debug.xcconfig */ = {isa = PBXFileReference; includeInIndex = 1; lastKnownFileType = text.xcconfig; name = "Pods-oonishiReonKadai6.debug.xcconfig"; path = "Target Support Files/Pods-oonishiReonKadai6/Pods-oonishiReonKadai6.debug.xcconfig"; sourceTree = "<group>"; };
		7068BC399EC51155AA2F6F58 /* Pods_oonishiReonKadai6.framework */ = {isa = PBXFileReference; explicitFileType = wrapper.framework; includeInIndex = 0; path = Pods_oonishiReonKadai6.framework; sourceTree = BUILT_PRODUCTS_DIR; };
		AB5779E626514229005BECB9 /* oonishiReonKadai6.app */ = {isa = PBXFileReference; explicitFileType = wrapper.application; includeInIndex = 0; path = oonishiReonKadai6.app; sourceTree = BUILT_PRODUCTS_DIR; };
		AB5779E926514229005BECB9 /* AppDelegate.swift */ = {isa = PBXFileReference; lastKnownFileType = sourcecode.swift; path = AppDelegate.swift; sourceTree = "<group>"; };
		AB5779EB26514229005BECB9 /* SceneDelegate.swift */ = {isa = PBXFileReference; lastKnownFileType = sourcecode.swift; path = SceneDelegate.swift; sourceTree = "<group>"; };
		AB5779ED26514229005BECB9 /* ViewController.swift */ = {isa = PBXFileReference; lastKnownFileType = sourcecode.swift; path = ViewController.swift; sourceTree = "<group>"; };
		AB5779F026514229005BECB9 /* Base */ = {isa = PBXFileReference; lastKnownFileType = file.storyboard; name = Base; path = Base.lproj/Main.storyboard; sourceTree = "<group>"; };
		AB5779F22651422E005BECB9 /* Assets.xcassets */ = {isa = PBXFileReference; lastKnownFileType = folder.assetcatalog; path = Assets.xcassets; sourceTree = "<group>"; };
		AB5779F52651422E005BECB9 /* Base */ = {isa = PBXFileReference; lastKnownFileType = file.storyboard; name = Base; path = Base.lproj/LaunchScreen.storyboard; sourceTree = "<group>"; };
		AB5779F72651422E005BECB9 /* Info.plist */ = {isa = PBXFileReference; lastKnownFileType = text.plist.xml; path = Info.plist; sourceTree = "<group>"; };
		C93A00BE08F018BE486FE5EF /* Pods-oonishiReonKadai6.release.xcconfig */ = {isa = PBXFileReference; includeInIndex = 1; lastKnownFileType = text.xcconfig; name = "Pods-oonishiReonKadai6.release.xcconfig"; path = "Target Support Files/Pods-oonishiReonKadai6/Pods-oonishiReonKadai6.release.xcconfig"; sourceTree = "<group>"; };
/* End PBXFileReference section */

/* Begin PBXFrameworksBuildPhase section */
		AB5779E326514229005BECB9 /* Frameworks */ = {
			isa = PBXFrameworksBuildPhase;
			buildActionMask = 2147483647;
			files = (
				045D450517F2C0801F88D248 /* Pods_oonishiReonKadai6.framework in Frameworks */,
			);
			runOnlyForDeploymentPostprocessing = 0;
		};
/* End PBXFrameworksBuildPhase section */

/* Begin PBXGroup section */
		AB5779DD26514229005BECB9 = {
			isa = PBXGroup;
			children = (
				AB5779E826514229005BECB9 /* oonishiReonKadai6 */,
				AB5779E726514229005BECB9 /* Products */,
				AFF71C7E873AD7C24B2D50A4 /* Pods */,
				BD8ACB182645ED1FA42F4381 /* Frameworks */,
			);
			sourceTree = "<group>";
		};
		AB5779E726514229005BECB9 /* Products */ = {
			isa = PBXGroup;
			children = (
				AB5779E626514229005BECB9 /* oonishiReonKadai6.app */,
			);
			name = Products;
			sourceTree = "<group>";
		};
		AB5779E826514229005BECB9 /* oonishiReonKadai6 */ = {
			isa = PBXGroup;
			children = (
				AB5779E926514229005BECB9 /* AppDelegate.swift */,
				AB5779EB26514229005BECB9 /* SceneDelegate.swift */,
				AB5779ED26514229005BECB9 /* ViewController.swift */,
				AB5779EF26514229005BECB9 /* Main.storyboard */,
				AB5779F22651422E005BECB9 /* Assets.xcassets */,
				AB5779F42651422E005BECB9 /* LaunchScreen.storyboard */,
				AB5779F72651422E005BECB9 /* Info.plist */,
			);
			path = oonishiReonKadai6;
			sourceTree = "<group>";
		};
		AFF71C7E873AD7C24B2D50A4 /* Pods */ = {
			isa = PBXGroup;
			children = (
				6C604788B20CB2BA7514D69C /* Pods-oonishiReonKadai6.debug.xcconfig */,
				C93A00BE08F018BE486FE5EF /* Pods-oonishiReonKadai6.release.xcconfig */,
			);
			name = Pods;
			path = Pods;
			sourceTree = "<group>";
		};
		BD8ACB182645ED1FA42F4381 /* Frameworks */ = {
			isa = PBXGroup;
			children = (
				7068BC399EC51155AA2F6F58 /* Pods_oonishiReonKadai6.framework */,
			);
			name = Frameworks;
			sourceTree = "<group>";
		};
/* End PBXGroup section */

/* Begin PBXNativeTarget section */
		AB5779E526514229005BECB9 /* oonishiReonKadai6 */ = {
			isa = PBXNativeTarget;
			buildConfigurationList = AB5779FA2651422E005BECB9 /* Build configuration list for PBXNativeTarget "oonishiReonKadai6" */;
			buildPhases = (
				B75116BF01C0AFF5BA508FCD /* [CP] Check Pods Manifest.lock */,
				AB5779E226514229005BECB9 /* Sources */,
				AB5779E326514229005BECB9 /* Frameworks */,
				AB5779E426514229005BECB9 /* Resources */,
				883B84153EEAAD232289701D /* [CP] Embed Pods Frameworks */,
			);
			buildRules = (
			);
			dependencies = (
			);
			name = oonishiReonKadai6;
			productName = oonishiReonKadai6;
			productReference = AB5779E626514229005BECB9 /* oonishiReonKadai6.app */;
			productType = "com.apple.product-type.application";
		};
/* End PBXNativeTarget section */

/* Begin PBXProject section */
		AB5779DE26514229005BECB9 /* Project object */ = {
			isa = PBXProject;
			attributes = {
				LastSwiftUpdateCheck = 1250;
				LastUpgradeCheck = 1250;
				TargetAttributes = {
					AB5779E526514229005BECB9 = {
						CreatedOnToolsVersion = 12.5;
					};
				};
			};
			buildConfigurationList = AB5779E126514229005BECB9 /* Build configuration list for PBXProject "oonishiReonKadai6" */;
			compatibilityVersion = "Xcode 9.3";
			developmentRegion = en;
			hasScannedForEncodings = 0;
			knownRegions = (
				en,
				Base,
			);
			mainGroup = AB5779DD26514229005BECB9;
			productRefGroup = AB5779E726514229005BECB9 /* Products */;
			projectDirPath = "";
			projectRoot = "";
			targets = (
				AB5779E526514229005BECB9 /* oonishiReonKadai6 */,
			);
		};
/* End PBXProject section */

/* Begin PBXResourcesBuildPhase section */
		AB5779E426514229005BECB9 /* Resources */ = {
			isa = PBXResourcesBuildPhase;
			buildActionMask = 2147483647;
			files = (
				AB5779F62651422E005BECB9 /* LaunchScreen.storyboard in Resources */,
				AB5779F32651422E005BECB9 /* Assets.xcassets in Resources */,
				AB5779F126514229005BECB9 /* Main.storyboard in Resources */,
			);
			runOnlyForDeploymentPostprocessing = 0;
		};
/* End PBXResourcesBuildPhase section */

/* Begin PBXShellScriptBuildPhase section */
		883B84153EEAAD232289701D /* [CP] Embed Pods Frameworks */ = {
			isa = PBXShellScriptBuildPhase;
			buildActionMask = 2147483647;
			files = (
			);
			inputFileListPaths = (
				"${PODS_ROOT}/Target Support Files/Pods-oonishiReonKadai6/Pods-oonishiReonKadai6-frameworks-${CONFIGURATION}-input-files.xcfilelist",
			);
			name = "[CP] Embed Pods Frameworks";
			outputFileListPaths = (
				"${PODS_ROOT}/Target Support Files/Pods-oonishiReonKadai6/Pods-oonishiReonKadai6-frameworks-${CONFIGURATION}-output-files.xcfilelist",
			);
			runOnlyForDeploymentPostprocessing = 0;
			shellPath = /bin/sh;
			shellScript = "\"${PODS_ROOT}/Target Support Files/Pods-oonishiReonKadai6/Pods-oonishiReonKadai6-frameworks.sh\"\n";
			showEnvVarsInLog = 0;
		};
		B75116BF01C0AFF5BA508FCD /* [CP] Check Pods Manifest.lock */ = {
			isa = PBXShellScriptBuildPhase;
			buildActionMask = 2147483647;
			files = (
			);
			inputFileListPaths = (
			);
			inputPaths = (
				"${PODS_PODFILE_DIR_PATH}/Podfile.lock",
				"${PODS_ROOT}/Manifest.lock",
			);
			name = "[CP] Check Pods Manifest.lock";
			outputFileListPaths = (
			);
			outputPaths = (
				"$(DERIVED_FILE_DIR)/Pods-oonishiReonKadai6-checkManifestLockResult.txt",
			);
			runOnlyForDeploymentPostprocessing = 0;
			shellPath = /bin/sh;
			shellScript = "diff \"${PODS_PODFILE_DIR_PATH}/Podfile.lock\" \"${PODS_ROOT}/Manifest.lock\" > /dev/null\nif [ $? != 0 ] ; then\n    # print error to STDERR\n    echo \"error: The sandbox is not in sync with the Podfile.lock. Run 'pod install' or update your CocoaPods installation.\" >&2\n    exit 1\nfi\n# This output is used by Xcode 'outputs' to avoid re-running this script phase.\necho \"SUCCESS\" > \"${SCRIPT_OUTPUT_FILE_0}\"\n";
			showEnvVarsInLog = 0;
		};
/* End PBXShellScriptBuildPhase section */

/* Begin PBXSourcesBuildPhase section */
		AB5779E226514229005BECB9 /* Sources */ = {
			isa = PBXSourcesBuildPhase;
			buildActionMask = 2147483647;
			files = (
				AB5779EE26514229005BECB9 /* ViewController.swift in Sources */,
				AB5779EA26514229005BECB9 /* AppDelegate.swift in Sources */,
				AB5779EC26514229005BECB9 /* SceneDelegate.swift in Sources */,
			);
			runOnlyForDeploymentPostprocessing = 0;
		};
/* End PBXSourcesBuildPhase section */

/* Begin PBXVariantGroup section */
		AB5779EF26514229005BECB9 /* Main.storyboard */ = {
			isa = PBXVariantGroup;
			children = (
				AB5779F026514229005BECB9 /* Base */,
			);
			name = Main.storyboard;
			sourceTree = "<group>";
		};
		AB5779F42651422E005BECB9 /* LaunchScreen.storyboard */ = {
			isa = PBXVariantGroup;
			children = (
				AB5779F52651422E005BECB9 /* Base */,
			);
			name = LaunchScreen.storyboard;
			sourceTree = "<group>";
		};
/* End PBXVariantGroup section */

/* Begin XCBuildConfiguration section */
		AB5779F82651422E005BECB9 /* Debug */ = {
			isa = XCBuildConfiguration;
			buildSettings = {
				ALWAYS_SEARCH_USER_PATHS = NO;
				CLANG_ANALYZER_NONNULL = YES;
				CLANG_ANALYZER_NUMBER_OBJECT_CONVERSION = YES_AGGRESSIVE;
				CLANG_CXX_LANGUAGE_STANDARD = "gnu++14";
				CLANG_CXX_LIBRARY = "libc++";
				CLANG_ENABLE_MODULES = YES;
				CLANG_ENABLE_OBJC_ARC = YES;
				CLANG_ENABLE_OBJC_WEAK = YES;
				CLANG_WARN_BLOCK_CAPTURE_AUTORELEASING = YES;
				CLANG_WARN_BOOL_CONVERSION = YES;
				CLANG_WARN_COMMA = YES;
				CLANG_WARN_CONSTANT_CONVERSION = YES;
				CLANG_WARN_DEPRECATED_OBJC_IMPLEMENTATIONS = YES;
				CLANG_WARN_DIRECT_OBJC_ISA_USAGE = YES_ERROR;
				CLANG_WARN_DOCUMENTATION_COMMENTS = YES;
				CLANG_WARN_EMPTY_BODY = YES;
				CLANG_WARN_ENUM_CONVERSION = YES;
				CLANG_WARN_INFINITE_RECURSION = YES;
				CLANG_WARN_INT_CONVERSION = YES;
				CLANG_WARN_NON_LITERAL_NULL_CONVERSION = YES;
				CLANG_WARN_OBJC_IMPLICIT_RETAIN_SELF = YES;
				CLANG_WARN_OBJC_LITERAL_CONVERSION = YES;
				CLANG_WARN_OBJC_ROOT_CLASS = YES_ERROR;
				CLANG_WARN_QUOTED_INCLUDE_IN_FRAMEWORK_HEADER = YES;
				CLANG_WARN_RANGE_LOOP_ANALYSIS = YES;
				CLANG_WARN_STRICT_PROTOTYPES = YES;
				CLANG_WARN_SUSPICIOUS_MOVE = YES;
				CLANG_WARN_UNGUARDED_AVAILABILITY = YES_AGGRESSIVE;
				CLANG_WARN_UNREACHABLE_CODE = YES;
				CLANG_WARN__DUPLICATE_METHOD_MATCH = YES;
				COPY_PHASE_STRIP = NO;
				DEBUG_INFORMATION_FORMAT = dwarf;
				ENABLE_STRICT_OBJC_MSGSEND = YES;
				ENABLE_TESTABILITY = YES;
				GCC_C_LANGUAGE_STANDARD = gnu11;
				GCC_DYNAMIC_NO_PIC = NO;
				GCC_NO_COMMON_BLOCKS = YES;
				GCC_OPTIMIZATION_LEVEL = 0;
				GCC_PREPROCESSOR_DEFINITIONS = (
					"DEBUG=1",
					"$(inherited)",
				);
				GCC_WARN_64_TO_32_BIT_CONVERSION = YES;
				GCC_WARN_ABOUT_RETURN_TYPE = YES_ERROR;
				GCC_WARN_UNDECLARED_SELECTOR = YES;
				GCC_WARN_UNINITIALIZED_AUTOS = YES_AGGRESSIVE;
				GCC_WARN_UNUSED_FUNCTION = YES;
				GCC_WARN_UNUSED_VARIABLE = YES;
				IPHONEOS_DEPLOYMENT_TARGET = 14.5;
				MTL_ENABLE_DEBUG_INFO = INCLUDE_SOURCE;
				MTL_FAST_MATH = YES;
				ONLY_ACTIVE_ARCH = YES;
				SDKROOT = iphoneos;
				SWIFT_ACTIVE_COMPILATION_CONDITIONS = DEBUG;
				SWIFT_OPTIMIZATION_LEVEL = "-Onone";
			};
			name = Debug;
		};
		AB5779F92651422E005BECB9 /* Release */ = {
			isa = XCBuildConfiguration;
			buildSettings = {
				ALWAYS_SEARCH_USER_PATHS = NO;
				CLANG_ANALYZER_NONNULL = YES;
				CLANG_ANALYZER_NUMBER_OBJECT_CONVERSION = YES_AGGRESSIVE;
				CLANG_CXX_LANGUAGE_STANDARD = "gnu++14";
				CLANG_CXX_LIBRARY = "libc++";
				CLANG_ENABLE_MODULES = YES;
				CLANG_ENABLE_OBJC_ARC = YES;
				CLANG_ENABLE_OBJC_WEAK = YES;
				CLANG_WARN_BLOCK_CAPTURE_AUTORELEASING = YES;
				CLANG_WARN_BOOL_CONVERSION = YES;
				CLANG_WARN_COMMA = YES;
				CLANG_WARN_CONSTANT_CONVERSION = YES;
				CLANG_WARN_DEPRECATED_OBJC_IMPLEMENTATIONS = YES;
				CLANG_WARN_DIRECT_OBJC_ISA_USAGE = YES_ERROR;
				CLANG_WARN_DOCUMENTATION_COMMENTS = YES;
				CLANG_WARN_EMPTY_BODY = YES;
				CLANG_WARN_ENUM_CONVERSION = YES;
				CLANG_WARN_INFINITE_RECURSION = YES;
				CLANG_WARN_INT_CONVERSION = YES;
				CLANG_WARN_NON_LITERAL_NULL_CONVERSION = YES;
				CLANG_WARN_OBJC_IMPLICIT_RETAIN_SELF = YES;
				CLANG_WARN_OBJC_LITERAL_CONVERSION = YES;
				CLANG_WARN_OBJC_ROOT_CLASS = YES_ERROR;
				CLANG_WARN_QUOTED_INCLUDE_IN_FRAMEWORK_HEADER = YES;
				CLANG_WARN_RANGE_LOOP_ANALYSIS = YES;
				CLANG_WARN_STRICT_PROTOTYPES = YES;
				CLANG_WARN_SUSPICIOUS_MOVE = YES;
				CLANG_WARN_UNGUARDED_AVAILABILITY = YES_AGGRESSIVE;
				CLANG_WARN_UNREACHABLE_CODE = YES;
				CLANG_WARN__DUPLICATE_METHOD_MATCH = YES;
				COPY_PHASE_STRIP = NO;
				DEBUG_INFORMATION_FORMAT = "dwarf-with-dsym";
				ENABLE_NS_ASSERTIONS = NO;
				ENABLE_STRICT_OBJC_MSGSEND = YES;
				GCC_C_LANGUAGE_STANDARD = gnu11;
				GCC_NO_COMMON_BLOCKS = YES;
				GCC_WARN_64_TO_32_BIT_CONVERSION = YES;
				GCC_WARN_ABOUT_RETURN_TYPE = YES_ERROR;
				GCC_WARN_UNDECLARED_SELECTOR = YES;
				GCC_WARN_UNINITIALIZED_AUTOS = YES_AGGRESSIVE;
				GCC_WARN_UNUSED_FUNCTION = YES;
				GCC_WARN_UNUSED_VARIABLE = YES;
				IPHONEOS_DEPLOYMENT_TARGET = 14.5;
				MTL_ENABLE_DEBUG_INFO = NO;
				MTL_FAST_MATH = YES;
				SDKROOT = iphoneos;
				SWIFT_COMPILATION_MODE = wholemodule;
				SWIFT_OPTIMIZATION_LEVEL = "-O";
				VALIDATE_PRODUCT = YES;
			};
			name = Release;
		};
		AB5779FB2651422E005BECB9 /* Debug */ = {
			isa = XCBuildConfiguration;
			baseConfigurationReference = 6C604788B20CB2BA7514D69C /* Pods-oonishiReonKadai6.debug.xcconfig */;
			buildSettings = {
				ASSETCATALOG_COMPILER_APPICON_NAME = AppIcon;
				ASSETCATALOG_COMPILER_GLOBAL_ACCENT_COLOR_NAME = AccentColor;
				CODE_SIGN_STYLE = Automatic;
				DEVELOPMENT_TEAM = 242KS3V77L;
				INFOPLIST_FILE = oonishiReonKadai6/Info.plist;
				LD_RUNPATH_SEARCH_PATHS = (
					"$(inherited)",
					"@executable_path/Frameworks",
				);
				PRODUCT_BUNDLE_IDENTIFIER = oonishireon.oonishiReonKadai6;
				PRODUCT_NAME = "$(TARGET_NAME)";
				SWIFT_VERSION = 5.0;
				TARGETED_DEVICE_FAMILY = "1,2";
			};
			name = Debug;
		};
		AB5779FC2651422E005BECB9 /* Release */ = {
			isa = XCBuildConfiguration;
			baseConfigurationReference = C93A00BE08F018BE486FE5EF /* Pods-oonishiReonKadai6.release.xcconfig */;
			buildSettings = {
				ASSETCATALOG_COMPILER_APPICON_NAME = AppIcon;
				ASSETCATALOG_COMPILER_GLOBAL_ACCENT_COLOR_NAME = AccentColor;
				CODE_SIGN_STYLE = Automatic;
				DEVELOPMENT_TEAM = 242KS3V77L;
				INFOPLIST_FILE = oonishiReonKadai6/Info.plist;
				LD_RUNPATH_SEARCH_PATHS = (
					"$(inherited)",
					"@executable_path/Frameworks",
				);
				PRODUCT_BUNDLE_IDENTIFIER = oonishireon.oonishiReonKadai6;
				PRODUCT_NAME = "$(TARGET_NAME)";
				SWIFT_VERSION = 5.0;
				TARGETED_DEVICE_FAMILY = "1,2";
			};
			name = Release;
		};
/* End XCBuildConfiguration section */

/* Begin XCConfigurationList section */
		AB5779E126514229005BECB9 /* Build configuration list for PBXProject "oonishiReonKadai6" */ = {
			isa = XCConfigurationList;
			buildConfigurations = (
				AB5779F82651422E005BECB9 /* Debug */,
				AB5779F92651422E005BECB9 /* Release */,
			);
			defaultConfigurationIsVisible = 0;
			defaultConfigurationName = Release;
		};
		AB5779FA2651422E005BECB9 /* Build configuration list for PBXNativeTarget "oonishiReonKadai6" */ = {
			isa = XCConfigurationList;
			buildConfigurations = (
				AB5779FB2651422E005BECB9 /* Debug */,
				AB5779FC2651422E005BECB9 /* Release */,
			);
			defaultConfigurationIsVisible = 0;
			defaultConfigurationName = Release;
		};
/* End XCConfigurationList section */
	};
	rootObject = AB5779DE26514229005BECB9 /* Project object */;
}
